// !$*UTF8*$!
{
	archiveVersion = 1;
	classes = {
	};
	objectVersion = 56;
	objects = {

/* Begin PBXBuildFile section */
		4E4895312B85F41100503703 /* SearchReactor.swift in Sources */ = {isa = PBXBuildFile; fileRef = 4E4895302B85F41100503703 /* SearchReactor.swift */; };
		4E4895362B8A06DA00503703 /* PokemonCardTableViewCell.swift in Sources */ = {isa = PBXBuildFile; fileRef = 4E4895352B8A06DA00503703 /* PokemonCardTableViewCell.swift */; };
		4EA179F02B7A11BA006A1D51 /* Secrets.xcconfig in Resources */ = {isa = PBXBuildFile; fileRef = 4EA179EF2B7A11BA006A1D51 /* Secrets.xcconfig */; };
		4EA179F52B7A12DB006A1D51 /* PokemonCard.swift in Sources */ = {isa = PBXBuildFile; fileRef = 4EA179F42B7A12DB006A1D51 /* PokemonCard.swift */; };
		4EA179F82B7A1342006A1D51 /* PokemonTarget.swift in Sources */ = {isa = PBXBuildFile; fileRef = 4EA179F72B7A1342006A1D51 /* PokemonTarget.swift */; };
		4EA179FB2B7A1372006A1D51 /* PokemonRepositoryType.swift in Sources */ = {isa = PBXBuildFile; fileRef = 4EA179FA2B7A1372006A1D51 /* PokemonRepositoryType.swift */; };
		4EA179FD2B7A1573006A1D51 /* PokemonRepository.swift in Sources */ = {isa = PBXBuildFile; fileRef = 4EA179FC2B7A1573006A1D51 /* PokemonRepository.swift */; };
		4EA179FF2B7A849F006A1D51 /* APIKeyManager.swift in Sources */ = {isa = PBXBuildFile; fileRef = 4EA179FE2B7A849E006A1D51 /* APIKeyManager.swift */; };
		4EA17A012B7B3584006A1D51 /* CardsRequest.swift in Sources */ = {isa = PBXBuildFile; fileRef = 4EA17A002B7B3584006A1D51 /* CardsRequest.swift */; };
		B400DAF62B76187200530566 /* AppDelegate.swift in Sources */ = {isa = PBXBuildFile; fileRef = B400DAF52B76187200530566 /* AppDelegate.swift */; };
		B400DAF82B76187200530566 /* SceneDelegate.swift in Sources */ = {isa = PBXBuildFile; fileRef = B400DAF72B76187200530566 /* SceneDelegate.swift */; };
		B400DAFF2B76187300530566 /* Assets.xcassets in Resources */ = {isa = PBXBuildFile; fileRef = B400DAFE2B76187300530566 /* Assets.xcassets */; };
		B400DB022B76187300530566 /* LaunchScreen.storyboard in Resources */ = {isa = PBXBuildFile; fileRef = B400DB002B76187300530566 /* LaunchScreen.storyboard */; };
		B400DB0D2B76187400530566 /* PokemonTests.swift in Sources */ = {isa = PBXBuildFile; fileRef = B400DB0C2B76187400530566 /* PokemonTests.swift */; };
		B400DB172B76187400530566 /* PokemonUITests.swift in Sources */ = {isa = PBXBuildFile; fileRef = B400DB162B76187400530566 /* PokemonUITests.swift */; };
		B400DB192B76187400530566 /* PokemonUITestsLaunchTests.swift in Sources */ = {isa = PBXBuildFile; fileRef = B400DB182B76187400530566 /* PokemonUITestsLaunchTests.swift */; };
		B400DB2B2B761ABE00530566 /* ReactorKit in Frameworks */ = {isa = PBXBuildFile; productRef = B400DB2A2B761ABE00530566 /* ReactorKit */; };
		B400DB2E2B761B7400530566 /* RxCocoa in Frameworks */ = {isa = PBXBuildFile; productRef = B400DB2D2B761B7400530566 /* RxCocoa */; };
		B400DB302B761B8400530566 /* RxSwift in Frameworks */ = {isa = PBXBuildFile; productRef = B400DB2F2B761B8400530566 /* RxSwift */; };
		B400DB322B761B8900530566 /* RxDataSources in Frameworks */ = {isa = PBXBuildFile; productRef = B400DB312B761B8900530566 /* RxDataSources */; };
		B400DB342B761B8D00530566 /* Moya in Frameworks */ = {isa = PBXBuildFile; productRef = B400DB332B761B8D00530566 /* Moya */; };
		B400DB362B761B9200530566 /* SnapKit in Frameworks */ = {isa = PBXBuildFile; productRef = B400DB352B761B9200530566 /* SnapKit */; };
		B400DB392B761BC000530566 /* Then in Frameworks */ = {isa = PBXBuildFile; productRef = B400DB382B761BC000530566 /* Then */; };
		B4401ABF2B8247C60064166C /* CardListCollectionViewCell.swift in Sources */ = {isa = PBXBuildFile; fileRef = B4401ABE2B8247C60064166C /* CardListCollectionViewCell.swift */; };
		B4401AC12B8247DA0064166C /* BaseCollectionViewCell.swift in Sources */ = {isa = PBXBuildFile; fileRef = B4401AC02B8247DA0064166C /* BaseCollectionViewCell.swift */; };
		B4401AC42B8248200064166C /* ReusableView+Ex.swift in Sources */ = {isa = PBXBuildFile; fileRef = B4401AC32B8248200064166C /* ReusableView+Ex.swift */; };
		B4401AC62B82486B0064166C /* BaseTableViewCell.swift in Sources */ = {isa = PBXBuildFile; fileRef = B4401AC52B82486B0064166C /* BaseTableViewCell.swift */; };
		B4401ACA2B8350270064166C /* CardListSection.swift in Sources */ = {isa = PBXBuildFile; fileRef = B4401AC92B8350270064166C /* CardListSection.swift */; };
		B4401ACC2B8350A20064166C /* CardListReactor.swift in Sources */ = {isa = PBXBuildFile; fileRef = B4401ACB2B8350A20064166C /* CardListReactor.swift */; };
		B4401ACE2B8361B40064166C /* UIViewController+Rx.swift in Sources */ = {isa = PBXBuildFile; fileRef = B4401ACD2B8361B40064166C /* UIViewController+Rx.swift */; };
		B4F5AFC22B947AC900084050 /* Kingfisher in Frameworks */ = {isa = PBXBuildFile; productRef = B4F5AFC12B947AC900084050 /* Kingfisher */; };
		B4FA7D352B7E470D0058AA93 /* BaseViewController.swift in Sources */ = {isa = PBXBuildFile; fileRef = B4FA7D342B7E470D0058AA93 /* BaseViewController.swift */; };
		B4FA7D382B7E47550058AA93 /* CardListViewController.swift in Sources */ = {isa = PBXBuildFile; fileRef = B4FA7D372B7E47550058AA93 /* CardListViewController.swift */; };
		B4FA7D3B2B7E47640058AA93 /* SearchViewController.swift in Sources */ = {isa = PBXBuildFile; fileRef = B4FA7D3A2B7E47640058AA93 /* SearchViewController.swift */; };
		B4FA7D3D2B7E48460058AA93 /* TabBarController.swift in Sources */ = {isa = PBXBuildFile; fileRef = B4FA7D3C2B7E48460058AA93 /* TabBarController.swift */; };
		B4FA7D412B7E4A0E0058AA93 /* AppAppearance.swift in Sources */ = {isa = PBXBuildFile; fileRef = B4FA7D402B7E4A0E0058AA93 /* AppAppearance.swift */; };
/* End PBXBuildFile section */

/* Begin PBXContainerItemProxy section */
		B400DB092B76187400530566 /* PBXContainerItemProxy */ = {
			isa = PBXContainerItemProxy;
			containerPortal = B400DAEA2B76187200530566 /* Project object */;
			proxyType = 1;
			remoteGlobalIDString = B400DAF12B76187200530566;
			remoteInfo = Pokemon;
		};
		B400DB132B76187400530566 /* PBXContainerItemProxy */ = {
			isa = PBXContainerItemProxy;
			containerPortal = B400DAEA2B76187200530566 /* Project object */;
			proxyType = 1;
			remoteGlobalIDString = B400DAF12B76187200530566;
			remoteInfo = Pokemon;
		};
/* End PBXContainerItemProxy section */

/* Begin PBXFileReference section */
		4E4895302B85F41100503703 /* SearchReactor.swift */ = {isa = PBXFileReference; lastKnownFileType = sourcecode.swift; path = SearchReactor.swift; sourceTree = "<group>"; };
		4E4895352B8A06DA00503703 /* PokemonCardTableViewCell.swift */ = {isa = PBXFileReference; lastKnownFileType = sourcecode.swift; path = PokemonCardTableViewCell.swift; sourceTree = "<group>"; };
		4EA179EF2B7A11BA006A1D51 /* Secrets.xcconfig */ = {isa = PBXFileReference; lastKnownFileType = text.xcconfig; path = Secrets.xcconfig; sourceTree = "<group>"; };
		4EA179F42B7A12DB006A1D51 /* PokemonCard.swift */ = {isa = PBXFileReference; lastKnownFileType = sourcecode.swift; path = PokemonCard.swift; sourceTree = "<group>"; };
		4EA179F72B7A1342006A1D51 /* PokemonTarget.swift */ = {isa = PBXFileReference; lastKnownFileType = sourcecode.swift; path = PokemonTarget.swift; sourceTree = "<group>"; };
		4EA179FA2B7A1372006A1D51 /* PokemonRepositoryType.swift */ = {isa = PBXFileReference; lastKnownFileType = sourcecode.swift; path = PokemonRepositoryType.swift; sourceTree = "<group>"; };
		4EA179FC2B7A1573006A1D51 /* PokemonRepository.swift */ = {isa = PBXFileReference; lastKnownFileType = sourcecode.swift; path = PokemonRepository.swift; sourceTree = "<group>"; };
		4EA179FE2B7A849E006A1D51 /* APIKeyManager.swift */ = {isa = PBXFileReference; lastKnownFileType = sourcecode.swift; path = APIKeyManager.swift; sourceTree = "<group>"; };
		4EA17A002B7B3584006A1D51 /* CardsRequest.swift */ = {isa = PBXFileReference; lastKnownFileType = sourcecode.swift; path = CardsRequest.swift; sourceTree = "<group>"; };
		B400DAF22B76187200530566 /* Pokemon.app */ = {isa = PBXFileReference; explicitFileType = wrapper.application; includeInIndex = 0; path = Pokemon.app; sourceTree = BUILT_PRODUCTS_DIR; };
		B400DAF52B76187200530566 /* AppDelegate.swift */ = {isa = PBXFileReference; lastKnownFileType = sourcecode.swift; path = AppDelegate.swift; sourceTree = "<group>"; };
		B400DAF72B76187200530566 /* SceneDelegate.swift */ = {isa = PBXFileReference; lastKnownFileType = sourcecode.swift; path = SceneDelegate.swift; sourceTree = "<group>"; };
		B400DAFE2B76187300530566 /* Assets.xcassets */ = {isa = PBXFileReference; lastKnownFileType = folder.assetcatalog; path = Assets.xcassets; sourceTree = "<group>"; };
		B400DB012B76187300530566 /* Base */ = {isa = PBXFileReference; lastKnownFileType = file.storyboard; name = Base; path = Base.lproj/LaunchScreen.storyboard; sourceTree = "<group>"; };
		B400DB032B76187300530566 /* Info.plist */ = {isa = PBXFileReference; lastKnownFileType = text.plist.xml; path = Info.plist; sourceTree = "<group>"; };
		B400DB082B76187400530566 /* PokemonTests.xctest */ = {isa = PBXFileReference; explicitFileType = wrapper.cfbundle; includeInIndex = 0; path = PokemonTests.xctest; sourceTree = BUILT_PRODUCTS_DIR; };
		B400DB0C2B76187400530566 /* PokemonTests.swift */ = {isa = PBXFileReference; lastKnownFileType = sourcecode.swift; path = PokemonTests.swift; sourceTree = "<group>"; };
		B400DB122B76187400530566 /* PokemonUITests.xctest */ = {isa = PBXFileReference; explicitFileType = wrapper.cfbundle; includeInIndex = 0; path = PokemonUITests.xctest; sourceTree = BUILT_PRODUCTS_DIR; };
		B400DB162B76187400530566 /* PokemonUITests.swift */ = {isa = PBXFileReference; lastKnownFileType = sourcecode.swift; path = PokemonUITests.swift; sourceTree = "<group>"; };
		B400DB182B76187400530566 /* PokemonUITestsLaunchTests.swift */ = {isa = PBXFileReference; lastKnownFileType = sourcecode.swift; path = PokemonUITestsLaunchTests.swift; sourceTree = "<group>"; };
		B4401ABE2B8247C60064166C /* CardListCollectionViewCell.swift */ = {isa = PBXFileReference; lastKnownFileType = sourcecode.swift; path = CardListCollectionViewCell.swift; sourceTree = "<group>"; };
		B4401AC02B8247DA0064166C /* BaseCollectionViewCell.swift */ = {isa = PBXFileReference; lastKnownFileType = sourcecode.swift; path = BaseCollectionViewCell.swift; sourceTree = "<group>"; };
		B4401AC32B8248200064166C /* ReusableView+Ex.swift */ = {isa = PBXFileReference; lastKnownFileType = sourcecode.swift; path = "ReusableView+Ex.swift"; sourceTree = "<group>"; };
		B4401AC52B82486B0064166C /* BaseTableViewCell.swift */ = {isa = PBXFileReference; lastKnownFileType = sourcecode.swift; path = BaseTableViewCell.swift; sourceTree = "<group>"; };
		B4401AC92B8350270064166C /* CardListSection.swift */ = {isa = PBXFileReference; lastKnownFileType = sourcecode.swift; path = CardListSection.swift; sourceTree = "<group>"; };
		B4401ACB2B8350A20064166C /* CardListReactor.swift */ = {isa = PBXFileReference; lastKnownFileType = sourcecode.swift; path = CardListReactor.swift; sourceTree = "<group>"; };
		B4401ACD2B8361B40064166C /* UIViewController+Rx.swift */ = {isa = PBXFileReference; lastKnownFileType = sourcecode.swift; path = "UIViewController+Rx.swift"; sourceTree = "<group>"; };
		B4FA7D342B7E470D0058AA93 /* BaseViewController.swift */ = {isa = PBXFileReference; lastKnownFileType = sourcecode.swift; path = BaseViewController.swift; sourceTree = "<group>"; };
		B4FA7D372B7E47550058AA93 /* CardListViewController.swift */ = {isa = PBXFileReference; lastKnownFileType = sourcecode.swift; path = CardListViewController.swift; sourceTree = "<group>"; };
		B4FA7D3A2B7E47640058AA93 /* SearchViewController.swift */ = {isa = PBXFileReference; lastKnownFileType = sourcecode.swift; path = SearchViewController.swift; sourceTree = "<group>"; };
		B4FA7D3C2B7E48460058AA93 /* TabBarController.swift */ = {isa = PBXFileReference; lastKnownFileType = sourcecode.swift; path = TabBarController.swift; sourceTree = "<group>"; };
		B4FA7D402B7E4A0E0058AA93 /* AppAppearance.swift */ = {isa = PBXFileReference; lastKnownFileType = sourcecode.swift; path = AppAppearance.swift; sourceTree = "<group>"; };
/* End PBXFileReference section */

/* Begin PBXFrameworksBuildPhase section */
		B400DAEF2B76187200530566 /* Frameworks */ = {
			isa = PBXFrameworksBuildPhase;
			buildActionMask = 2147483647;
			files = (
				B400DB302B761B8400530566 /* RxSwift in Frameworks */,
				B400DB322B761B8900530566 /* RxDataSources in Frameworks */,
				B400DB2E2B761B7400530566 /* RxCocoa in Frameworks */,
				B400DB392B761BC000530566 /* Then in Frameworks */,
				B4F5AFC22B947AC900084050 /* Kingfisher in Frameworks */,
				B400DB362B761B9200530566 /* SnapKit in Frameworks */,
				B400DB342B761B8D00530566 /* Moya in Frameworks */,
				B400DB2B2B761ABE00530566 /* ReactorKit in Frameworks */,
			);
			runOnlyForDeploymentPostprocessing = 0;
		};
		B400DB052B76187400530566 /* Frameworks */ = {
			isa = PBXFrameworksBuildPhase;
			buildActionMask = 2147483647;
			files = (
			);
			runOnlyForDeploymentPostprocessing = 0;
		};
		B400DB0F2B76187400530566 /* Frameworks */ = {
			isa = PBXFrameworksBuildPhase;
			buildActionMask = 2147483647;
			files = (
			);
			runOnlyForDeploymentPostprocessing = 0;
		};
/* End PBXFrameworksBuildPhase section */

/* Begin PBXGroup section */
		4EA179EC2B7A1144006A1D51 /* Data */ = {
			isa = PBXGroup;
			children = (
				4EA179F62B7A1330006A1D51 /* Network */,
				4EA179F92B7A1359006A1D51 /* Repository */,
			);
			name = Data;
			path = Resource/Data;
			sourceTree = "<group>";
		};
		4EA179F12B7A12A9006A1D51 /* Model */ = {
			isa = PBXGroup;
			children = (
				B4152EB32B7B566200E0A5E2 /* Request */,
				B4152EB22B7B565F00E0A5E2 /* Response */,
			);
			path = Model;
			sourceTree = "<group>";
		};
		4EA179F62B7A1330006A1D51 /* Network */ = {
			isa = PBXGroup;
			children = (
				4EA179F72B7A1342006A1D51 /* PokemonTarget.swift */,
			);
			path = Network;
			sourceTree = "<group>";
		};
		4EA179F92B7A1359006A1D51 /* Repository */ = {
			isa = PBXGroup;
			children = (
				4EA179FC2B7A1573006A1D51 /* PokemonRepository.swift */,
			);
			path = Repository;
			sourceTree = "<group>";
		};
		B400DAE92B76187200530566 = {
			isa = PBXGroup;
			children = (
				B400DAF42B76187200530566 /* Pokemon */,
				B400DB0B2B76187400530566 /* PokemonTests */,
				B400DB152B76187400530566 /* PokemonUITests */,
				B400DAF32B76187200530566 /* Products */,
				B400DB2C2B761B7400530566 /* Frameworks */,
			);
			sourceTree = "<group>";
		};
		B400DAF32B76187200530566 /* Products */ = {
			isa = PBXGroup;
			children = (
				B400DAF22B76187200530566 /* Pokemon.app */,
				B400DB082B76187400530566 /* PokemonTests.xctest */,
				B400DB122B76187400530566 /* PokemonUITests.xctest */,
			);
			name = Products;
			sourceTree = "<group>";
		};
		B400DAF42B76187200530566 /* Pokemon */ = {
			isa = PBXGroup;
			children = (
				B400DB3A2B761C9600530566 /* Application */,
				B400DB3B2B761CDF00530566 /* Domain */,
				B400DB3C2B761CE800530566 /* Presentation */,
				4EA179EC2B7A1144006A1D51 /* Data */,
				B4152EB12B7B55C600E0A5E2 /* Environment */,
				B400DB3E2B761D3200530566 /* Resource */,
			);
			path = Pokemon;
			sourceTree = "<group>";
		};
		B400DB0B2B76187400530566 /* PokemonTests */ = {
			isa = PBXGroup;
			children = (
				B400DB0C2B76187400530566 /* PokemonTests.swift */,
			);
			path = PokemonTests;
			sourceTree = "<group>";
		};
		B400DB152B76187400530566 /* PokemonUITests */ = {
			isa = PBXGroup;
			children = (
				B400DB162B76187400530566 /* PokemonUITests.swift */,
				B400DB182B76187400530566 /* PokemonUITestsLaunchTests.swift */,
			);
			path = PokemonUITests;
			sourceTree = "<group>";
		};
		B400DB2C2B761B7400530566 /* Frameworks */ = {
			isa = PBXGroup;
			children = (
			);
			name = Frameworks;
			sourceTree = "<group>";
		};
		B400DB3A2B761C9600530566 /* Application */ = {
			isa = PBXGroup;
			children = (
				B400DAF52B76187200530566 /* AppDelegate.swift */,
				B400DAF72B76187200530566 /* SceneDelegate.swift */,
				B4FA7D402B7E4A0E0058AA93 /* AppAppearance.swift */,
			);
			path = Application;
			sourceTree = "<group>";
		};
		B400DB3B2B761CDF00530566 /* Domain */ = {
			isa = PBXGroup;
			children = (
				4EA179F12B7A12A9006A1D51 /* Model */,
				B400DB432B761FB700530566 /* Interface */,
			);
			path = Domain;
			sourceTree = "<group>";
		};
		B400DB3C2B761CE800530566 /* Presentation */ = {
			isa = PBXGroup;
			children = (
				B4FA7D332B7E47020058AA93 /* Common */,
				B4401ABA2B82477C0064166C /* View */,
				B4FA7D392B7E47570058AA93 /* CardList */,
				B4FA7D362B7E47440058AA93 /* Search */,
			);
			path = Presentation;
			sourceTree = "<group>";
		};
		B400DB3E2B761D3200530566 /* Resource */ = {
			isa = PBXGroup;
			children = (
				B400DAFE2B76187300530566 /* Assets.xcassets */,
				B400DB002B76187300530566 /* LaunchScreen.storyboard */,
				4EA179EF2B7A11BA006A1D51 /* Secrets.xcconfig */,
				B400DB032B76187300530566 /* Info.plist */,
			);
			path = Resource;
			sourceTree = "<group>";
		};
		B400DB432B761FB700530566 /* Interface */ = {
			isa = PBXGroup;
			children = (
				4EA179FA2B7A1372006A1D51 /* PokemonRepositoryType.swift */,
			);
			path = Interface;
			sourceTree = "<group>";
		};
		B4152EB12B7B55C600E0A5E2 /* Environment */ = {
			isa = PBXGroup;
			children = (
				4EA179FE2B7A849E006A1D51 /* APIKeyManager.swift */,
			);
			path = Environment;
			sourceTree = "<group>";
		};
		B4152EB22B7B565F00E0A5E2 /* Response */ = {
			isa = PBXGroup;
			children = (
				4EA179F42B7A12DB006A1D51 /* PokemonCard.swift */,
			);
			path = Response;
			sourceTree = "<group>";
		};
		B4152EB32B7B566200E0A5E2 /* Request */ = {
			isa = PBXGroup;
			children = (
				4EA17A002B7B3584006A1D51 /* CardsRequest.swift */,
			);
			path = Request;
			sourceTree = "<group>";
		};
		B4401ABA2B82477C0064166C /* View */ = {
			isa = PBXGroup;
			children = (
				B4401ABB2B8247860064166C /* Cell */,
			);
			path = View;
			sourceTree = "<group>";
		};
		B4401ABB2B8247860064166C /* Cell */ = {
			isa = PBXGroup;
			children = (
				B4401ABC2B8247900064166C /* TableView */,
				B4401ABD2B8247950064166C /* CollectionView */,
			);
			path = Cell;
			sourceTree = "<group>";
		};
		B4401ABC2B8247900064166C /* TableView */ = {
			isa = PBXGroup;
			children = (
			);
			path = TableView;
			sourceTree = "<group>";
		};
		B4401ABD2B8247950064166C /* CollectionView */ = {
			isa = PBXGroup;
			children = (
				B4401ABE2B8247C60064166C /* CardListCollectionViewCell.swift */,
			);
			path = CollectionView;
			sourceTree = "<group>";
		};
		B4401AC22B82480B0064166C /* Extension */ = {
			isa = PBXGroup;
			children = (
				B4401AC32B8248200064166C /* ReusableView+Ex.swift */,
				B4401ACD2B8361B40064166C /* UIViewController+Rx.swift */,
			);
			path = Extension;
			sourceTree = "<group>";
		};
		B4401AC72B8350030064166C /* Components */ = {
			isa = PBXGroup;
			children = (
				B4401AC82B83501F0064166C /* Section */,
			);
			path = Components;
			sourceTree = "<group>";
		};
		B4401AC82B83501F0064166C /* Section */ = {
			isa = PBXGroup;
			children = (
				B4401AC92B8350270064166C /* CardListSection.swift */,
			);
			path = Section;
			sourceTree = "<group>";
		};
		B4FA7D332B7E47020058AA93 /* Common */ = {
			isa = PBXGroup;
			children = (
				B4FA7D3E2B7E48970058AA93 /* TabBar */,
				B4401AC72B8350030064166C /* Components */,
				B4FA7D3F2B7E489B0058AA93 /* Base */,
				B4401AC22B82480B0064166C /* Extension */,
			);
			path = Common;
			sourceTree = "<group>";
		};
		B4FA7D362B7E47440058AA93 /* Search */ = {
			isa = PBXGroup;
			children = (
				4E4895352B8A06DA00503703 /* PokemonCardTableViewCell.swift */,
				B4FA7D3A2B7E47640058AA93 /* SearchViewController.swift */,
				4E4895302B85F41100503703 /* SearchReactor.swift */,
			);
			path = Search;
			sourceTree = "<group>";
		};
		B4FA7D392B7E47570058AA93 /* CardList */ = {
			isa = PBXGroup;
			children = (
				B4401ACB2B8350A20064166C /* CardListReactor.swift */,
				B4FA7D372B7E47550058AA93 /* CardListViewController.swift */,
			);
			path = CardList;
			sourceTree = "<group>";
		};
		B4FA7D3E2B7E48970058AA93 /* TabBar */ = {
			isa = PBXGroup;
			children = (
				B4FA7D3C2B7E48460058AA93 /* TabBarController.swift */,
			);
			path = TabBar;
			sourceTree = "<group>";
		};
		B4FA7D3F2B7E489B0058AA93 /* Base */ = {
			isa = PBXGroup;
			children = (
				B4FA7D342B7E470D0058AA93 /* BaseViewController.swift */,
				B4401AC02B8247DA0064166C /* BaseCollectionViewCell.swift */,
				B4401AC52B82486B0064166C /* BaseTableViewCell.swift */,
			);
			path = Base;
			sourceTree = "<group>";
		};
/* End PBXGroup section */

/* Begin PBXNativeTarget section */
		B400DAF12B76187200530566 /* Pokemon */ = {
			isa = PBXNativeTarget;
			buildConfigurationList = B400DB1C2B76187400530566 /* Build configuration list for PBXNativeTarget "Pokemon" */;
			buildPhases = (
				B400DAEE2B76187200530566 /* Sources */,
				B400DAEF2B76187200530566 /* Frameworks */,
				B400DAF02B76187200530566 /* Resources */,
			);
			buildRules = (
			);
			dependencies = (
			);
			name = Pokemon;
			packageProductDependencies = (
				B400DB2A2B761ABE00530566 /* ReactorKit */,
				B400DB2D2B761B7400530566 /* RxCocoa */,
				B400DB2F2B761B8400530566 /* RxSwift */,
				B400DB312B761B8900530566 /* RxDataSources */,
				B400DB332B761B8D00530566 /* Moya */,
				B400DB352B761B9200530566 /* SnapKit */,
				B400DB382B761BC000530566 /* Then */,
				B4F5AFC12B947AC900084050 /* Kingfisher */,
			);
			productName = Pokemon;
			productReference = B400DAF22B76187200530566 /* Pokemon.app */;
			productType = "com.apple.product-type.application";
		};
		B400DB072B76187400530566 /* PokemonTests */ = {
			isa = PBXNativeTarget;
			buildConfigurationList = B400DB1F2B76187400530566 /* Build configuration list for PBXNativeTarget "PokemonTests" */;
			buildPhases = (
				B400DB042B76187400530566 /* Sources */,
				B400DB052B76187400530566 /* Frameworks */,
				B400DB062B76187400530566 /* Resources */,
			);
			buildRules = (
			);
			dependencies = (
				B400DB0A2B76187400530566 /* PBXTargetDependency */,
			);
			name = PokemonTests;
			productName = PokemonTests;
			productReference = B400DB082B76187400530566 /* PokemonTests.xctest */;
			productType = "com.apple.product-type.bundle.unit-test";
		};
		B400DB112B76187400530566 /* PokemonUITests */ = {
			isa = PBXNativeTarget;
			buildConfigurationList = B400DB222B76187400530566 /* Build configuration list for PBXNativeTarget "PokemonUITests" */;
			buildPhases = (
				B400DB0E2B76187400530566 /* Sources */,
				B400DB0F2B76187400530566 /* Frameworks */,
				B400DB102B76187400530566 /* Resources */,
			);
			buildRules = (
			);
			dependencies = (
				B400DB142B76187400530566 /* PBXTargetDependency */,
			);
			name = PokemonUITests;
			productName = PokemonUITests;
			productReference = B400DB122B76187400530566 /* PokemonUITests.xctest */;
			productType = "com.apple.product-type.bundle.ui-testing";
		};
/* End PBXNativeTarget section */

/* Begin PBXProject section */
		B400DAEA2B76187200530566 /* Project object */ = {
			isa = PBXProject;
			attributes = {
				BuildIndependentTargetsInParallel = 1;
				LastSwiftUpdateCheck = 1500;
				LastUpgradeCheck = 1500;
				TargetAttributes = {
					B400DAF12B76187200530566 = {
						CreatedOnToolsVersion = 15.0;
					};
					B400DB072B76187400530566 = {
						CreatedOnToolsVersion = 15.0;
						TestTargetID = B400DAF12B76187200530566;
					};
					B400DB112B76187400530566 = {
						CreatedOnToolsVersion = 15.0;
						TestTargetID = B400DAF12B76187200530566;
					};
				};
			};
			buildConfigurationList = B400DAED2B76187200530566 /* Build configuration list for PBXProject "Pokemon" */;
			compatibilityVersion = "Xcode 14.0";
			developmentRegion = en;
			hasScannedForEncodings = 0;
			knownRegions = (
				en,
				Base,
			);
			mainGroup = B400DAE92B76187200530566;
			packageReferences = (
				B400DB252B761A3E00530566 /* XCRemoteSwiftPackageReference "RxSwift" */,
				B400DB262B761A7500530566 /* XCRemoteSwiftPackageReference "RxDataSources" */,
				B400DB272B761A9D00530566 /* XCRemoteSwiftPackageReference "Moya" */,
				B400DB282B761AAD00530566 /* XCRemoteSwiftPackageReference "SnapKit" */,
				B400DB292B761ABE00530566 /* XCRemoteSwiftPackageReference "ReactorKit" */,
				B400DB372B761BC000530566 /* XCRemoteSwiftPackageReference "Then" */,
				B4F5AFC02B947AC900084050 /* XCRemoteSwiftPackageReference "Kingfisher" */,
			);
			productRefGroup = B400DAF32B76187200530566 /* Products */;
			projectDirPath = "";
			projectRoot = "";
			targets = (
				B400DAF12B76187200530566 /* Pokemon */,
				B400DB072B76187400530566 /* PokemonTests */,
				B400DB112B76187400530566 /* PokemonUITests */,
			);
		};
/* End PBXProject section */

/* Begin PBXResourcesBuildPhase section */
		B400DAF02B76187200530566 /* Resources */ = {
			isa = PBXResourcesBuildPhase;
			buildActionMask = 2147483647;
			files = (
				B400DB022B76187300530566 /* LaunchScreen.storyboard in Resources */,
				B400DAFF2B76187300530566 /* Assets.xcassets in Resources */,
				4EA179F02B7A11BA006A1D51 /* Secrets.xcconfig in Resources */,
			);
			runOnlyForDeploymentPostprocessing = 0;
		};
		B400DB062B76187400530566 /* Resources */ = {
			isa = PBXResourcesBuildPhase;
			buildActionMask = 2147483647;
			files = (
			);
			runOnlyForDeploymentPostprocessing = 0;
		};
		B400DB102B76187400530566 /* Resources */ = {
			isa = PBXResourcesBuildPhase;
			buildActionMask = 2147483647;
			files = (
			);
			runOnlyForDeploymentPostprocessing = 0;
		};
/* End PBXResourcesBuildPhase section */

/* Begin PBXSourcesBuildPhase section */
		B400DAEE2B76187200530566 /* Sources */ = {
			isa = PBXSourcesBuildPhase;
			buildActionMask = 2147483647;
			files = (
				4EA179FF2B7A849F006A1D51 /* APIKeyManager.swift in Sources */,
				B4401ACA2B8350270064166C /* CardListSection.swift in Sources */,
				B4FA7D3D2B7E48460058AA93 /* TabBarController.swift in Sources */,
				B400DAF62B76187200530566 /* AppDelegate.swift in Sources */,
				4EA179F82B7A1342006A1D51 /* PokemonTarget.swift in Sources */,
				4EA17A012B7B3584006A1D51 /* CardsRequest.swift in Sources */,
				B4401AC12B8247DA0064166C /* BaseCollectionViewCell.swift in Sources */,
				B4401ACC2B8350A20064166C /* CardListReactor.swift in Sources */,
				B4401AC42B8248200064166C /* ReusableView+Ex.swift in Sources */,
				B4FA7D382B7E47550058AA93 /* CardListViewController.swift in Sources */,
				B4401ACE2B8361B40064166C /* UIViewController+Rx.swift in Sources */,
				B4FA7D3B2B7E47640058AA93 /* SearchViewController.swift in Sources */,
				4E4895312B85F41100503703 /* SearchReactor.swift in Sources */,
				4E4895362B8A06DA00503703 /* PokemonCardTableViewCell.swift in Sources */,
				B4FA7D352B7E470D0058AA93 /* BaseViewController.swift in Sources */,
				B4401ABF2B8247C60064166C /* CardListCollectionViewCell.swift in Sources */,
				4EA179F52B7A12DB006A1D51 /* PokemonCard.swift in Sources */,
				B4401AC62B82486B0064166C /* BaseTableViewCell.swift in Sources */,
				4EA179FB2B7A1372006A1D51 /* PokemonRepositoryType.swift in Sources */,
				B4FA7D412B7E4A0E0058AA93 /* AppAppearance.swift in Sources */,
				B400DAF82B76187200530566 /* SceneDelegate.swift in Sources */,
				4EA179FD2B7A1573006A1D51 /* PokemonRepository.swift in Sources */,
			);
			runOnlyForDeploymentPostprocessing = 0;
		};
		B400DB042B76187400530566 /* Sources */ = {
			isa = PBXSourcesBuildPhase;
			buildActionMask = 2147483647;
			files = (
				B400DB0D2B76187400530566 /* PokemonTests.swift in Sources */,
			);
			runOnlyForDeploymentPostprocessing = 0;
		};
		B400DB0E2B76187400530566 /* Sources */ = {
			isa = PBXSourcesBuildPhase;
			buildActionMask = 2147483647;
			files = (
				B400DB192B76187400530566 /* PokemonUITestsLaunchTests.swift in Sources */,
				B400DB172B76187400530566 /* PokemonUITests.swift in Sources */,
			);
			runOnlyForDeploymentPostprocessing = 0;
		};
/* End PBXSourcesBuildPhase section */

/* Begin PBXTargetDependency section */
		B400DB0A2B76187400530566 /* PBXTargetDependency */ = {
			isa = PBXTargetDependency;
			target = B400DAF12B76187200530566 /* Pokemon */;
			targetProxy = B400DB092B76187400530566 /* PBXContainerItemProxy */;
		};
		B400DB142B76187400530566 /* PBXTargetDependency */ = {
			isa = PBXTargetDependency;
			target = B400DAF12B76187200530566 /* Pokemon */;
			targetProxy = B400DB132B76187400530566 /* PBXContainerItemProxy */;
		};
/* End PBXTargetDependency section */

/* Begin PBXVariantGroup section */
		B400DB002B76187300530566 /* LaunchScreen.storyboard */ = {
			isa = PBXVariantGroup;
			children = (
				B400DB012B76187300530566 /* Base */,
			);
			name = LaunchScreen.storyboard;
			sourceTree = "<group>";
		};
/* End PBXVariantGroup section */

/* Begin XCBuildConfiguration section */
		B400DB1A2B76187400530566 /* Debug */ = {
			isa = XCBuildConfiguration;
			buildSettings = {
				ALWAYS_SEARCH_USER_PATHS = NO;
				ASSETCATALOG_COMPILER_GENERATE_SWIFT_ASSET_SYMBOL_EXTENSIONS = YES;
				CLANG_ANALYZER_NONNULL = YES;
				CLANG_ANALYZER_NUMBER_OBJECT_CONVERSION = YES_AGGRESSIVE;
				CLANG_CXX_LANGUAGE_STANDARD = "gnu++20";
				CLANG_ENABLE_MODULES = YES;
				CLANG_ENABLE_OBJC_ARC = YES;
				CLANG_ENABLE_OBJC_WEAK = YES;
				CLANG_WARN_BLOCK_CAPTURE_AUTORELEASING = YES;
				CLANG_WARN_BOOL_CONVERSION = YES;
				CLANG_WARN_COMMA = YES;
				CLANG_WARN_CONSTANT_CONVERSION = YES;
				CLANG_WARN_DEPRECATED_OBJC_IMPLEMENTATIONS = YES;
				CLANG_WARN_DIRECT_OBJC_ISA_USAGE = YES_ERROR;
				CLANG_WARN_DOCUMENTATION_COMMENTS = YES;
				CLANG_WARN_EMPTY_BODY = YES;
				CLANG_WARN_ENUM_CONVERSION = YES;
				CLANG_WARN_INFINITE_RECURSION = YES;
				CLANG_WARN_INT_CONVERSION = YES;
				CLANG_WARN_NON_LITERAL_NULL_CONVERSION = YES;
				CLANG_WARN_OBJC_IMPLICIT_RETAIN_SELF = YES;
				CLANG_WARN_OBJC_LITERAL_CONVERSION = YES;
				CLANG_WARN_OBJC_ROOT_CLASS = YES_ERROR;
				CLANG_WARN_QUOTED_INCLUDE_IN_FRAMEWORK_HEADER = YES;
				CLANG_WARN_RANGE_LOOP_ANALYSIS = YES;
				CLANG_WARN_STRICT_PROTOTYPES = YES;
				CLANG_WARN_SUSPICIOUS_MOVE = YES;
				CLANG_WARN_UNGUARDED_AVAILABILITY = YES_AGGRESSIVE;
				CLANG_WARN_UNREACHABLE_CODE = YES;
				CLANG_WARN__DUPLICATE_METHOD_MATCH = YES;
				COPY_PHASE_STRIP = NO;
				DEBUG_INFORMATION_FORMAT = dwarf;
				ENABLE_STRICT_OBJC_MSGSEND = YES;
				ENABLE_TESTABILITY = YES;
				ENABLE_USER_SCRIPT_SANDBOXING = YES;
				GCC_C_LANGUAGE_STANDARD = gnu17;
				GCC_DYNAMIC_NO_PIC = NO;
				GCC_NO_COMMON_BLOCKS = YES;
				GCC_OPTIMIZATION_LEVEL = 0;
				GCC_PREPROCESSOR_DEFINITIONS = (
					"DEBUG=1",
					"$(inherited)",
				);
				GCC_WARN_64_TO_32_BIT_CONVERSION = YES;
				GCC_WARN_ABOUT_RETURN_TYPE = YES_ERROR;
				GCC_WARN_UNDECLARED_SELECTOR = YES;
				GCC_WARN_UNINITIALIZED_AUTOS = YES_AGGRESSIVE;
				GCC_WARN_UNUSED_FUNCTION = YES;
				GCC_WARN_UNUSED_VARIABLE = YES;
				IPHONEOS_DEPLOYMENT_TARGET = 17.0;
				LOCALIZATION_PREFERS_STRING_CATALOGS = YES;
				MTL_ENABLE_DEBUG_INFO = INCLUDE_SOURCE;
				MTL_FAST_MATH = YES;
				ONLY_ACTIVE_ARCH = YES;
				SDKROOT = iphoneos;
				SWIFT_ACTIVE_COMPILATION_CONDITIONS = "DEBUG $(inherited)";
				SWIFT_OPTIMIZATION_LEVEL = "-Onone";
			};
			name = Debug;
		};
		B400DB1B2B76187400530566 /* Release */ = {
			isa = XCBuildConfiguration;
			buildSettings = {
				ALWAYS_SEARCH_USER_PATHS = NO;
				ASSETCATALOG_COMPILER_GENERATE_SWIFT_ASSET_SYMBOL_EXTENSIONS = YES;
				CLANG_ANALYZER_NONNULL = YES;
				CLANG_ANALYZER_NUMBER_OBJECT_CONVERSION = YES_AGGRESSIVE;
				CLANG_CXX_LANGUAGE_STANDARD = "gnu++20";
				CLANG_ENABLE_MODULES = YES;
				CLANG_ENABLE_OBJC_ARC = YES;
				CLANG_ENABLE_OBJC_WEAK = YES;
				CLANG_WARN_BLOCK_CAPTURE_AUTORELEASING = YES;
				CLANG_WARN_BOOL_CONVERSION = YES;
				CLANG_WARN_COMMA = YES;
				CLANG_WARN_CONSTANT_CONVERSION = YES;
				CLANG_WARN_DEPRECATED_OBJC_IMPLEMENTATIONS = YES;
				CLANG_WARN_DIRECT_OBJC_ISA_USAGE = YES_ERROR;
				CLANG_WARN_DOCUMENTATION_COMMENTS = YES;
				CLANG_WARN_EMPTY_BODY = YES;
				CLANG_WARN_ENUM_CONVERSION = YES;
				CLANG_WARN_INFINITE_RECURSION = YES;
				CLANG_WARN_INT_CONVERSION = YES;
				CLANG_WARN_NON_LITERAL_NULL_CONVERSION = YES;
				CLANG_WARN_OBJC_IMPLICIT_RETAIN_SELF = YES;
				CLANG_WARN_OBJC_LITERAL_CONVERSION = YES;
				CLANG_WARN_OBJC_ROOT_CLASS = YES_ERROR;
				CLANG_WARN_QUOTED_INCLUDE_IN_FRAMEWORK_HEADER = YES;
				CLANG_WARN_RANGE_LOOP_ANALYSIS = YES;
				CLANG_WARN_STRICT_PROTOTYPES = YES;
				CLANG_WARN_SUSPICIOUS_MOVE = YES;
				CLANG_WARN_UNGUARDED_AVAILABILITY = YES_AGGRESSIVE;
				CLANG_WARN_UNREACHABLE_CODE = YES;
				CLANG_WARN__DUPLICATE_METHOD_MATCH = YES;
				COPY_PHASE_STRIP = NO;
				DEBUG_INFORMATION_FORMAT = "dwarf-with-dsym";
				ENABLE_NS_ASSERTIONS = NO;
				ENABLE_STRICT_OBJC_MSGSEND = YES;
				ENABLE_USER_SCRIPT_SANDBOXING = YES;
				GCC_C_LANGUAGE_STANDARD = gnu17;
				GCC_NO_COMMON_BLOCKS = YES;
				GCC_WARN_64_TO_32_BIT_CONVERSION = YES;
				GCC_WARN_ABOUT_RETURN_TYPE = YES_ERROR;
				GCC_WARN_UNDECLARED_SELECTOR = YES;
				GCC_WARN_UNINITIALIZED_AUTOS = YES_AGGRESSIVE;
				GCC_WARN_UNUSED_FUNCTION = YES;
				GCC_WARN_UNUSED_VARIABLE = YES;
				IPHONEOS_DEPLOYMENT_TARGET = 17.0;
				LOCALIZATION_PREFERS_STRING_CATALOGS = YES;
				MTL_ENABLE_DEBUG_INFO = NO;
				MTL_FAST_MATH = YES;
				SDKROOT = iphoneos;
				SWIFT_COMPILATION_MODE = wholemodule;
				VALIDATE_PRODUCT = YES;
			};
			name = Release;
		};
		B400DB1D2B76187400530566 /* Debug */ = {
			isa = XCBuildConfiguration;
			baseConfigurationReference = 4EA179EF2B7A11BA006A1D51 /* Secrets.xcconfig */;
			buildSettings = {
				ASSETCATALOG_COMPILER_APPICON_NAME = AppIcon;
				ASSETCATALOG_COMPILER_GLOBAL_ACCENT_COLOR_NAME = AccentColor;
				CODE_SIGN_STYLE = Automatic;
				CURRENT_PROJECT_VERSION = 1;
				DEVELOPMENT_TEAM = 7MS89TXQ5T;
				GENERATE_INFOPLIST_FILE = YES;
				INFOPLIST_FILE = Pokemon/Resource/Info.plist;
				INFOPLIST_KEY_UIApplicationSupportsIndirectInputEvents = YES;
				INFOPLIST_KEY_UILaunchStoryboardName = LaunchScreen;
				INFOPLIST_KEY_UIMainStoryboardFile = "";
				INFOPLIST_KEY_UISupportedInterfaceOrientations_iPad = "UIInterfaceOrientationPortrait UIInterfaceOrientationPortraitUpsideDown UIInterfaceOrientationLandscapeLeft UIInterfaceOrientationLandscapeRight";
				INFOPLIST_KEY_UISupportedInterfaceOrientations_iPhone = "UIInterfaceOrientationPortrait UIInterfaceOrientationLandscapeLeft UIInterfaceOrientationLandscapeRight";
				LD_RUNPATH_SEARCH_PATHS = (
					"$(inherited)",
					"@executable_path/Frameworks",
				);
				MARKETING_VERSION = 1.0.0;
				PRODUCT_BUNDLE_IDENTIFIER = camosss.Pokemon;
				PRODUCT_NAME = "$(TARGET_NAME)";
				SWIFT_EMIT_LOC_STRINGS = YES;
				SWIFT_VERSION = 5.0;
				TARGETED_DEVICE_FAMILY = "1,2";
			};
			name = Debug;
		};
		B400DB1E2B76187400530566 /* Release */ = {
			isa = XCBuildConfiguration;
			buildSettings = {
				ASSETCATALOG_COMPILER_APPICON_NAME = AppIcon;
				ASSETCATALOG_COMPILER_GLOBAL_ACCENT_COLOR_NAME = AccentColor;
				CODE_SIGN_STYLE = Automatic;
				CURRENT_PROJECT_VERSION = 1;
				DEVELOPMENT_TEAM = 7MS89TXQ5T;
				GENERATE_INFOPLIST_FILE = YES;
				INFOPLIST_FILE = Pokemon/Resource/Info.plist;
				INFOPLIST_KEY_UIApplicationSupportsIndirectInputEvents = YES;
				INFOPLIST_KEY_UILaunchStoryboardName = LaunchScreen;
				INFOPLIST_KEY_UIMainStoryboardFile = "";
				INFOPLIST_KEY_UISupportedInterfaceOrientations_iPad = "UIInterfaceOrientationPortrait UIInterfaceOrientationPortraitUpsideDown UIInterfaceOrientationLandscapeLeft UIInterfaceOrientationLandscapeRight";
				INFOPLIST_KEY_UISupportedInterfaceOrientations_iPhone = "UIInterfaceOrientationPortrait UIInterfaceOrientationLandscapeLeft UIInterfaceOrientationLandscapeRight";
				LD_RUNPATH_SEARCH_PATHS = (
					"$(inherited)",
					"@executable_path/Frameworks",
				);
				MARKETING_VERSION = 1.0.0;
				PRODUCT_BUNDLE_IDENTIFIER = camosss.Pokemon;
				PRODUCT_NAME = "$(TARGET_NAME)";
				SWIFT_EMIT_LOC_STRINGS = YES;
				SWIFT_VERSION = 5.0;
				TARGETED_DEVICE_FAMILY = "1,2";
			};
			name = Release;
		};
		B400DB202B76187400530566 /* Debug */ = {
			isa = XCBuildConfiguration;
			baseConfigurationReference = 4EA179EF2B7A11BA006A1D51 /* Secrets.xcconfig */;
			buildSettings = {
				ALWAYS_EMBED_SWIFT_STANDARD_LIBRARIES = YES;
				BUNDLE_LOADER = "$(TEST_HOST)";
				CODE_SIGN_STYLE = Automatic;
				CURRENT_PROJECT_VERSION = 1;
				DEVELOPMENT_TEAM = 7MS89TXQ5T;
				GENERATE_INFOPLIST_FILE = YES;
				IPHONEOS_DEPLOYMENT_TARGET = 17.0;
				MARKETING_VERSION = 1.0;
				PRODUCT_BUNDLE_IDENTIFIER = camosss.PokemonTests;
				PRODUCT_NAME = "$(TARGET_NAME)";
				SWIFT_EMIT_LOC_STRINGS = NO;
				SWIFT_VERSION = 5.0;
				TARGETED_DEVICE_FAMILY = "1,2";
				TEST_HOST = "$(BUILT_PRODUCTS_DIR)/Pokemon.app/$(BUNDLE_EXECUTABLE_FOLDER_PATH)/Pokemon";
			};
			name = Debug;
		};
		B400DB212B76187400530566 /* Release */ = {
			isa = XCBuildConfiguration;
			buildSettings = {
				ALWAYS_EMBED_SWIFT_STANDARD_LIBRARIES = YES;
				BUNDLE_LOADER = "$(TEST_HOST)";
				CODE_SIGN_STYLE = Automatic;
				CURRENT_PROJECT_VERSION = 1;
				DEVELOPMENT_TEAM = 7MS89TXQ5T;
				GENERATE_INFOPLIST_FILE = YES;
				IPHONEOS_DEPLOYMENT_TARGET = 17.0;
				MARKETING_VERSION = 1.0;
				PRODUCT_BUNDLE_IDENTIFIER = camosss.PokemonTests;
				PRODUCT_NAME = "$(TARGET_NAME)";
				SWIFT_EMIT_LOC_STRINGS = NO;
				SWIFT_VERSION = 5.0;
				TARGETED_DEVICE_FAMILY = "1,2";
				TEST_HOST = "$(BUILT_PRODUCTS_DIR)/Pokemon.app/$(BUNDLE_EXECUTABLE_FOLDER_PATH)/Pokemon";
			};
			name = Release;
		};
		B400DB232B76187400530566 /* Debug */ = {
			isa = XCBuildConfiguration;
			buildSettings = {
				ALWAYS_EMBED_SWIFT_STANDARD_LIBRARIES = YES;
				CODE_SIGN_STYLE = Automatic;
				CURRENT_PROJECT_VERSION = 1;
				DEVELOPMENT_TEAM = 7MS89TXQ5T;
				GENERATE_INFOPLIST_FILE = YES;
				MARKETING_VERSION = 1.0;
				PRODUCT_BUNDLE_IDENTIFIER = camosss.PokemonUITests;
				PRODUCT_NAME = "$(TARGET_NAME)";
				SWIFT_EMIT_LOC_STRINGS = NO;
				SWIFT_VERSION = 5.0;
				TARGETED_DEVICE_FAMILY = "1,2";
				TEST_TARGET_NAME = Pokemon;
			};
			name = Debug;
		};
		B400DB242B76187400530566 /* Release */ = {
			isa = XCBuildConfiguration;
			buildSettings = {
				ALWAYS_EMBED_SWIFT_STANDARD_LIBRARIES = YES;
				CODE_SIGN_STYLE = Automatic;
				CURRENT_PROJECT_VERSION = 1;
				DEVELOPMENT_TEAM = 7MS89TXQ5T;
				GENERATE_INFOPLIST_FILE = YES;
				MARKETING_VERSION = 1.0;
				PRODUCT_BUNDLE_IDENTIFIER = camosss.PokemonUITests;
				PRODUCT_NAME = "$(TARGET_NAME)";
				SWIFT_EMIT_LOC_STRINGS = NO;
				SWIFT_VERSION = 5.0;
				TARGETED_DEVICE_FAMILY = "1,2";
				TEST_TARGET_NAME = Pokemon;
			};
			name = Release;
		};
/* End XCBuildConfiguration section */

/* Begin XCConfigurationList section */
		B400DAED2B76187200530566 /* Build configuration list for PBXProject "Pokemon" */ = {
			isa = XCConfigurationList;
			buildConfigurations = (
				B400DB1A2B76187400530566 /* Debug */,
				B400DB1B2B76187400530566 /* Release */,
			);
			defaultConfigurationIsVisible = 0;
			defaultConfigurationName = Release;
		};
		B400DB1C2B76187400530566 /* Build configuration list for PBXNativeTarget "Pokemon" */ = {
			isa = XCConfigurationList;
			buildConfigurations = (
				B400DB1D2B76187400530566 /* Debug */,
				B400DB1E2B76187400530566 /* Release */,
			);
			defaultConfigurationIsVisible = 0;
			defaultConfigurationName = Release;
		};
		B400DB1F2B76187400530566 /* Build configuration list for PBXNativeTarget "PokemonTests" */ = {
			isa = XCConfigurationList;
			buildConfigurations = (
				B400DB202B76187400530566 /* Debug */,
				B400DB212B76187400530566 /* Release */,
			);
			defaultConfigurationIsVisible = 0;
			defaultConfigurationName = Release;
		};
		B400DB222B76187400530566 /* Build configuration list for PBXNativeTarget "PokemonUITests" */ = {
			isa = XCConfigurationList;
			buildConfigurations = (
				B400DB232B76187400530566 /* Debug */,
				B400DB242B76187400530566 /* Release */,
			);
			defaultConfigurationIsVisible = 0;
			defaultConfigurationName = Release;
		};
/* End XCConfigurationList section */

/* Begin XCRemoteSwiftPackageReference section */
		B400DB252B761A3E00530566 /* XCRemoteSwiftPackageReference "RxSwift" */ = {
			isa = XCRemoteSwiftPackageReference;
			repositoryURL = "https://github.com/ReactiveX/RxSwift";
			requirement = {
				kind = upToNextMajorVersion;
				minimumVersion = 6.6.0;
			};
		};
		B400DB262B761A7500530566 /* XCRemoteSwiftPackageReference "RxDataSources" */ = {
			isa = XCRemoteSwiftPackageReference;
			repositoryURL = "https://github.com/RxSwiftCommunity/RxDataSources";
			requirement = {
				kind = upToNextMajorVersion;
				minimumVersion = 5.0.2;
			};
		};
		B400DB272B761A9D00530566 /* XCRemoteSwiftPackageReference "Moya" */ = {
			isa = XCRemoteSwiftPackageReference;
			repositoryURL = "https://github.com/Moya/Moya";
			requirement = {
				kind = upToNextMajorVersion;
				minimumVersion = 15.0.3;
			};
		};
		B400DB282B761AAD00530566 /* XCRemoteSwiftPackageReference "SnapKit" */ = {
			isa = XCRemoteSwiftPackageReference;
			repositoryURL = "https://github.com/SnapKit/SnapKit";
			requirement = {
				kind = upToNextMajorVersion;
				minimumVersion = 5.7.0;
			};
		};
		B400DB292B761ABE00530566 /* XCRemoteSwiftPackageReference "ReactorKit" */ = {
			isa = XCRemoteSwiftPackageReference;
			repositoryURL = "https://github.com/ReactorKit/ReactorKit";
			requirement = {
				kind = upToNextMajorVersion;
				minimumVersion = 3.2.0;
			};
		};
		B400DB372B761BC000530566 /* XCRemoteSwiftPackageReference "Then" */ = {
			isa = XCRemoteSwiftPackageReference;
			repositoryURL = "https://github.com/devxoul/Then.git";
			requirement = {
				kind = upToNextMajorVersion;
				minimumVersion = 3.0.0;
			};
		};
		B4F5AFC02B947AC900084050 /* XCRemoteSwiftPackageReference "Kingfisher" */ = {
			isa = XCRemoteSwiftPackageReference;
			repositoryURL = "https://github.com/onevcat/Kingfisher";
			requirement = {
				kind = upToNextMajorVersion;
				minimumVersion = 7.11.0;
			};
		};
/* End XCRemoteSwiftPackageReference section */

/* Begin XCSwiftPackageProductDependency section */
		B400DB2A2B761ABE00530566 /* ReactorKit */ = {
			isa = XCSwiftPackageProductDependency;
			package = B400DB292B761ABE00530566 /* XCRemoteSwiftPackageReference "ReactorKit" */;
			productName = ReactorKit;
		};
		B400DB2D2B761B7400530566 /* RxCocoa */ = {
			isa = XCSwiftPackageProductDependency;
			package = B400DB252B761A3E00530566 /* XCRemoteSwiftPackageReference "RxSwift" */;
			productName = RxCocoa;
		};
		B400DB2F2B761B8400530566 /* RxSwift */ = {
			isa = XCSwiftPackageProductDependency;
			package = B400DB252B761A3E00530566 /* XCRemoteSwiftPackageReference "RxSwift" */;
			productName = RxSwift;
		};
		B400DB312B761B8900530566 /* RxDataSources */ = {
			isa = XCSwiftPackageProductDependency;
			package = B400DB262B761A7500530566 /* XCRemoteSwiftPackageReference "RxDataSources" */;
			productName = RxDataSources;
		};
		B400DB332B761B8D00530566 /* Moya */ = {
			isa = XCSwiftPackageProductDependency;
			package = B400DB272B761A9D00530566 /* XCRemoteSwiftPackageReference "Moya" */;
			productName = Moya;
		};
		B400DB352B761B9200530566 /* SnapKit */ = {
			isa = XCSwiftPackageProductDependency;
			package = B400DB282B761AAD00530566 /* XCRemoteSwiftPackageReference "SnapKit" */;
			productName = SnapKit;
		};
		B400DB382B761BC000530566 /* Then */ = {
			isa = XCSwiftPackageProductDependency;
			package = B400DB372B761BC000530566 /* XCRemoteSwiftPackageReference "Then" */;
			productName = Then;
		};
		B4F5AFC12B947AC900084050 /* Kingfisher */ = {
			isa = XCSwiftPackageProductDependency;
			package = B4F5AFC02B947AC900084050 /* XCRemoteSwiftPackageReference "Kingfisher" */;
			productName = Kingfisher;
		};
/* End XCSwiftPackageProductDependency section */
	};
	rootObject = B400DAEA2B76187200530566 /* Project object */;
}
