// !$*UTF8*$!
{
	archiveVersion = 1;
	classes = {
	};
	objectVersion = 56;
	objects = {

/* Begin PBXBuildFile section */
		B400DAF62B76187200530566 /* AppDelegate.swift in Sources */ = {isa = PBXBuildFile; fileRef = B400DAF52B76187200530566 /* AppDelegate.swift */; };
		B400DAF82B76187200530566 /* SceneDelegate.swift in Sources */ = {isa = PBXBuildFile; fileRef = B400DAF72B76187200530566 /* SceneDelegate.swift */; };
		B400DAFA2B76187200530566 /* ViewController.swift in Sources */ = {isa = PBXBuildFile; fileRef = B400DAF92B76187200530566 /* ViewController.swift */; };
		B400DAFF2B76187300530566 /* Assets.xcassets in Resources */ = {isa = PBXBuildFile; fileRef = B400DAFE2B76187300530566 /* Assets.xcassets */; };
		B400DB022B76187300530566 /* LaunchScreen.storyboard in Resources */ = {isa = PBXBuildFile; fileRef = B400DB002B76187300530566 /* LaunchScreen.storyboard */; };
		B400DB0D2B76187400530566 /* PokemonTests.swift in Sources */ = {isa = PBXBuildFile; fileRef = B400DB0C2B76187400530566 /* PokemonTests.swift */; };
		B400DB172B76187400530566 /* PokemonUITests.swift in Sources */ = {isa = PBXBuildFile; fileRef = B400DB162B76187400530566 /* PokemonUITests.swift */; };
		B400DB192B76187400530566 /* PokemonUITestsLaunchTests.swift in Sources */ = {isa = PBXBuildFile; fileRef = B400DB182B76187400530566 /* PokemonUITestsLaunchTests.swift */; };
		B400DB2B2B761ABE00530566 /* ReactorKit in Frameworks */ = {isa = PBXBuildFile; productRef = B400DB2A2B761ABE00530566 /* ReactorKit */; };
		B400DB2E2B761B7400530566 /* RxCocoa in Frameworks */ = {isa = PBXBuildFile; productRef = B400DB2D2B761B7400530566 /* RxCocoa */; };
		B400DB302B761B8400530566 /* RxSwift in Frameworks */ = {isa = PBXBuildFile; productRef = B400DB2F2B761B8400530566 /* RxSwift */; };
		B400DB322B761B8900530566 /* RxDataSources in Frameworks */ = {isa = PBXBuildFile; productRef = B400DB312B761B8900530566 /* RxDataSources */; };
		B400DB342B761B8D00530566 /* Moya in Frameworks */ = {isa = PBXBuildFile; productRef = B400DB332B761B8D00530566 /* Moya */; };
		B400DB362B761B9200530566 /* SnapKit in Frameworks */ = {isa = PBXBuildFile; productRef = B400DB352B761B9200530566 /* SnapKit */; };
		B400DB392B761BC000530566 /* Then in Frameworks */ = {isa = PBXBuildFile; productRef = B400DB382B761BC000530566 /* Then */; };
/* End PBXBuildFile section */

/* Begin PBXContainerItemProxy section */
		B400DB092B76187400530566 /* PBXContainerItemProxy */ = {
			isa = PBXContainerItemProxy;
			containerPortal = B400DAEA2B76187200530566 /* Project object */;
			proxyType = 1;
			remoteGlobalIDString = B400DAF12B76187200530566;
			remoteInfo = Pokemon;
		};
		B400DB132B76187400530566 /* PBXContainerItemProxy */ = {
			isa = PBXContainerItemProxy;
			containerPortal = B400DAEA2B76187200530566 /* Project object */;
			proxyType = 1;
			remoteGlobalIDString = B400DAF12B76187200530566;
			remoteInfo = Pokemon;
		};
/* End PBXContainerItemProxy section */

/* Begin PBXFileReference section */
		B400DAF22B76187200530566 /* Pokemon.app */ = {isa = PBXFileReference; explicitFileType = wrapper.application; includeInIndex = 0; path = Pokemon.app; sourceTree = BUILT_PRODUCTS_DIR; };
		B400DAF52B76187200530566 /* AppDelegate.swift */ = {isa = PBXFileReference; lastKnownFileType = sourcecode.swift; path = AppDelegate.swift; sourceTree = "<group>"; };
		B400DAF72B76187200530566 /* SceneDelegate.swift */ = {isa = PBXFileReference; lastKnownFileType = sourcecode.swift; path = SceneDelegate.swift; sourceTree = "<group>"; };
		B400DAF92B76187200530566 /* ViewController.swift */ = {isa = PBXFileReference; lastKnownFileType = sourcecode.swift; path = ViewController.swift; sourceTree = "<group>"; };
		B400DAFE2B76187300530566 /* Assets.xcassets */ = {isa = PBXFileReference; lastKnownFileType = folder.assetcatalog; path = Assets.xcassets; sourceTree = "<group>"; };
		B400DB012B76187300530566 /* Base */ = {isa = PBXFileReference; lastKnownFileType = file.storyboard; name = Base; path = Base.lproj/LaunchScreen.storyboard; sourceTree = "<group>"; };
		B400DB032B76187300530566 /* Info.plist */ = {isa = PBXFileReference; lastKnownFileType = text.plist.xml; path = Info.plist; sourceTree = "<group>"; };
		B400DB082B76187400530566 /* PokemonTests.xctest */ = {isa = PBXFileReference; explicitFileType = wrapper.cfbundle; includeInIndex = 0; path = PokemonTests.xctest; sourceTree = BUILT_PRODUCTS_DIR; };
		B400DB0C2B76187400530566 /* PokemonTests.swift */ = {isa = PBXFileReference; lastKnownFileType = sourcecode.swift; path = PokemonTests.swift; sourceTree = "<group>"; };
		B400DB122B76187400530566 /* PokemonUITests.xctest */ = {isa = PBXFileReference; explicitFileType = wrapper.cfbundle; includeInIndex = 0; path = PokemonUITests.xctest; sourceTree = BUILT_PRODUCTS_DIR; };
		B400DB162B76187400530566 /* PokemonUITests.swift */ = {isa = PBXFileReference; lastKnownFileType = sourcecode.swift; path = PokemonUITests.swift; sourceTree = "<group>"; };
		B400DB182B76187400530566 /* PokemonUITestsLaunchTests.swift */ = {isa = PBXFileReference; lastKnownFileType = sourcecode.swift; path = PokemonUITestsLaunchTests.swift; sourceTree = "<group>"; };
/* End PBXFileReference section */

/* Begin PBXFrameworksBuildPhase section */
		B400DAEF2B76187200530566 /* Frameworks */ = {
			isa = PBXFrameworksBuildPhase;
			buildActionMask = 2147483647;
			files = (
				B400DB302B761B8400530566 /* RxSwift in Frameworks */,
				B400DB322B761B8900530566 /* RxDataSources in Frameworks */,
				B400DB2E2B761B7400530566 /* RxCocoa in Frameworks */,
				B400DB392B761BC000530566 /* Then in Frameworks */,
				B400DB362B761B9200530566 /* SnapKit in Frameworks */,
				B400DB342B761B8D00530566 /* Moya in Frameworks */,
				B400DB2B2B761ABE00530566 /* ReactorKit in Frameworks */,
			);
			runOnlyForDeploymentPostprocessing = 0;
		};
		B400DB052B76187400530566 /* Frameworks */ = {
			isa = PBXFrameworksBuildPhase;
			buildActionMask = 2147483647;
			files = (
			);
			runOnlyForDeploymentPostprocessing = 0;
		};
		B400DB0F2B76187400530566 /* Frameworks */ = {
			isa = PBXFrameworksBuildPhase;
			buildActionMask = 2147483647;
			files = (
			);
			runOnlyForDeploymentPostprocessing = 0;
		};
/* End PBXFrameworksBuildPhase section */

/* Begin PBXGroup section */
		B400DAE92B76187200530566 = {
			isa = PBXGroup;
			children = (
				B400DAF42B76187200530566 /* Pokemon */,
				B400DB0B2B76187400530566 /* PokemonTests */,
				B400DB152B76187400530566 /* PokemonUITests */,
				B400DAF32B76187200530566 /* Products */,
				B400DB2C2B761B7400530566 /* Frameworks */,
			);
			sourceTree = "<group>";
		};
		B400DAF32B76187200530566 /* Products */ = {
			isa = PBXGroup;
			children = (
				B400DAF22B76187200530566 /* Pokemon.app */,
				B400DB082B76187400530566 /* PokemonTests.xctest */,
				B400DB122B76187400530566 /* PokemonUITests.xctest */,
			);
			name = Products;
			sourceTree = "<group>";
		};
		B400DAF42B76187200530566 /* Pokemon */ = {
			isa = PBXGroup;
			children = (
				B400DB3A2B761C9600530566 /* Application */,
				B400DB3B2B761CDF00530566 /* Domain */,
				B400DB3C2B761CE800530566 /* Presentation */,
				B400DB3D2B761CF100530566 /* Data */,
				B400DB3E2B761D3200530566 /* Resource */,
			);
			path = Pokemon;
			sourceTree = "<group>";
		};
		B400DB0B2B76187400530566 /* PokemonTests */ = {
			isa = PBXGroup;
			children = (
				B400DB0C2B76187400530566 /* PokemonTests.swift */,
			);
			path = PokemonTests;
			sourceTree = "<group>";
		};
		B400DB152B76187400530566 /* PokemonUITests */ = {
			isa = PBXGroup;
			children = (
				B400DB162B76187400530566 /* PokemonUITests.swift */,
				B400DB182B76187400530566 /* PokemonUITestsLaunchTests.swift */,
			);
			path = PokemonUITests;
			sourceTree = "<group>";
		};
		B400DB2C2B761B7400530566 /* Frameworks */ = {
			isa = PBXGroup;
			children = (
			);
			name = Frameworks;
			sourceTree = "<group>";
		};
		B400DB3A2B761C9600530566 /* Application */ = {
			isa = PBXGroup;
			children = (
				B400DAF52B76187200530566 /* AppDelegate.swift */,
				B400DAF72B76187200530566 /* SceneDelegate.swift */,
			);
			path = Application;
			sourceTree = "<group>";
		};
		B400DB3B2B761CDF00530566 /* Domain */ = {
			isa = PBXGroup;
			children = (
				B400DB412B761FA600530566 /* Model */,
				B400DB422B761FAA00530566 /* UseCase */,
				B400DB432B761FB700530566 /* Interface */,
			);
			path = Domain;
			sourceTree = "<group>";
		};
		B400DB3C2B761CE800530566 /* Presentation */ = {
			isa = PBXGroup;
			children = (
				B400DAF92B76187200530566 /* ViewController.swift */,
			);
			path = Presentation;
			sourceTree = "<group>";
		};
		B400DB3D2B761CF100530566 /* Data */ = {
			isa = PBXGroup;
			children = (
				B400DB402B761F9C00530566 /* Network */,
				B400DB3F2B761F9400530566 /* Repository */,
			);
			path = Data;
			sourceTree = "<group>";
		};
		B400DB3E2B761D3200530566 /* Resource */ = {
			isa = PBXGroup;
			children = (
				B400DAFE2B76187300530566 /* Assets.xcassets */,
				B400DB002B76187300530566 /* LaunchScreen.storyboard */,
				B400DB032B76187300530566 /* Info.plist */,
			);
			path = Resource;
			sourceTree = "<group>";
		};
		B400DB3F2B761F9400530566 /* Repository */ = {
			isa = PBXGroup;
			children = (
			);
			path = Repository;
			sourceTree = "<group>";
		};
		B400DB402B761F9C00530566 /* Network */ = {
			isa = PBXGroup;
			children = (
			);
			path = Network;
			sourceTree = "<group>";
		};
		B400DB412B761FA600530566 /* Model */ = {
			isa = PBXGroup;
			children = (
			);
			path = Model;
			sourceTree = "<group>";
		};
		B400DB422B761FAA00530566 /* UseCase */ = {
			isa = PBXGroup;
			children = (
			);
			path = UseCase;
			sourceTree = "<group>";
		};
		B400DB432B761FB700530566 /* Interface */ = {
			isa = PBXGroup;
			children = (
			);
			path = Interface;
			sourceTree = "<group>";
		};
/* End PBXGroup section */

/* Begin PBXNativeTarget section */
		B400DAF12B76187200530566 /* Pokemon */ = {
			isa = PBXNativeTarget;
			buildConfigurationList = B400DB1C2B76187400530566 /* Build configuration list for PBXNativeTarget "Pokemon" */;
			buildPhases = (
				B400DAEE2B76187200530566 /* Sources */,
				B400DAEF2B76187200530566 /* Frameworks */,
				B400DAF02B76187200530566 /* Resources */,
			);
			buildRules = (
			);
			dependencies = (
			);
			name = Pokemon;
			packageProductDependencies = (
				B400DB2A2B761ABE00530566 /* ReactorKit */,
				B400DB2D2B761B7400530566 /* RxCocoa */,
				B400DB2F2B761B8400530566 /* RxSwift */,
				B400DB312B761B8900530566 /* RxDataSources */,
				B400DB332B761B8D00530566 /* Moya */,
				B400DB352B761B9200530566 /* SnapKit */,
				B400DB382B761BC000530566 /* Then */,
			);
			productName = Pokemon;
			productReference = B400DAF22B76187200530566 /* Pokemon.app */;
			productType = "com.apple.product-type.application";
		};
		B400DB072B76187400530566 /* PokemonTests */ = {
			isa = PBXNativeTarget;
			buildConfigurationList = B400DB1F2B76187400530566 /* Build configuration list for PBXNativeTarget "PokemonTests" */;
			buildPhases = (
				B400DB042B76187400530566 /* Sources */,
				B400DB052B76187400530566 /* Frameworks */,
				B400DB062B76187400530566 /* Resources */,
			);
			buildRules = (
			);
			dependencies = (
				B400DB0A2B76187400530566 /* PBXTargetDependency */,
			);
			name = PokemonTests;
			productName = PokemonTests;
			productReference = B400DB082B76187400530566 /* PokemonTests.xctest */;
			productType = "com.apple.product-type.bundle.unit-test";
		};
		B400DB112B76187400530566 /* PokemonUITests */ = {
			isa = PBXNativeTarget;
			buildConfigurationList = B400DB222B76187400530566 /* Build configuration list for PBXNativeTarget "PokemonUITests" */;
			buildPhases = (
				B400DB0E2B76187400530566 /* Sources */,
				B400DB0F2B76187400530566 /* Frameworks */,
				B400DB102B76187400530566 /* Resources */,
			);
			buildRules = (
			);
			dependencies = (
				B400DB142B76187400530566 /* PBXTargetDependency */,
			);
			name = PokemonUITests;
			productName = PokemonUITests;
			productReference = B400DB122B76187400530566 /* PokemonUITests.xctest */;
			productType = "com.apple.product-type.bundle.ui-testing";
		};
/* End PBXNativeTarget section */

/* Begin PBXProject section */
		B400DAEA2B76187200530566 /* Project object */ = {
			isa = PBXProject;
			attributes = {
				BuildIndependentTargetsInParallel = 1;
				LastSwiftUpdateCheck = 1500;
				LastUpgradeCheck = 1500;
				TargetAttributes = {
					B400DAF12B76187200530566 = {
						CreatedOnToolsVersion = 15.0;
					};
					B400DB072B76187400530566 = {
						CreatedOnToolsVersion = 15.0;
						TestTargetID = B400DAF12B76187200530566;
					};
					B400DB112B76187400530566 = {
						CreatedOnToolsVersion = 15.0;
						TestTargetID = B400DAF12B76187200530566;
					};
				};
			};
			buildConfigurationList = B400DAED2B76187200530566 /* Build configuration list for PBXProject "Pokemon" */;
			compatibilityVersion = "Xcode 14.0";
			developmentRegion = en;
			hasScannedForEncodings = 0;
			knownRegions = (
				en,
				Base,
			);
			mainGroup = B400DAE92B76187200530566;
			packageReferences = (
				B400DB252B761A3E00530566 /* XCRemoteSwiftPackageReference "RxSwift" */,
				B400DB262B761A7500530566 /* XCRemoteSwiftPackageReference "RxDataSources" */,
				B400DB272B761A9D00530566 /* XCRemoteSwiftPackageReference "Moya" */,
				B400DB282B761AAD00530566 /* XCRemoteSwiftPackageReference "SnapKit" */,
				B400DB292B761ABE00530566 /* XCRemoteSwiftPackageReference "ReactorKit" */,
				B400DB372B761BC000530566 /* XCRemoteSwiftPackageReference "Then" */,
			);
			productRefGroup = B400DAF32B76187200530566 /* Products */;
			projectDirPath = "";
			projectRoot = "";
			targets = (
				B400DAF12B76187200530566 /* Pokemon */,
				B400DB072B76187400530566 /* PokemonTests */,
				B400DB112B76187400530566 /* PokemonUITests */,
			);
		};
/* End PBXProject section */

/* Begin PBXResourcesBuildPhase section */
		B400DAF02B76187200530566 /* Resources */ = {
			isa = PBXResourcesBuildPhase;
			buildActionMask = 2147483647;
			files = (
				B400DB022B76187300530566 /* LaunchScreen.storyboard in Resources */,
				B400DAFF2B76187300530566 /* Assets.xcassets in Resources */,
			);
			runOnlyForDeploymentPostprocessing = 0;
		};
		B400DB062B76187400530566 /* Resources */ = {
			isa = PBXResourcesBuildPhase;
			buildActionMask = 2147483647;
			files = (
			);
			runOnlyForDeploymentPostprocessing = 0;
		};
		B400DB102B76187400530566 /* Resources */ = {
			isa = PBXResourcesBuildPhase;
			buildActionMask = 2147483647;
			files = (
			);
			runOnlyForDeploymentPostprocessing = 0;
		};
/* End PBXResourcesBuildPhase section */

/* Begin PBXSourcesBuildPhase section */
		B400DAEE2B76187200530566 /* Sources */ = {
			isa = PBXSourcesBuildPhase;
			buildActionMask = 2147483647;
			files = (
				B400DAFA2B76187200530566 /* ViewController.swift in Sources */,
				B400DAF62B76187200530566 /* AppDelegate.swift in Sources */,
				B400DAF82B76187200530566 /* SceneDelegate.swift in Sources */,
			);
			runOnlyForDeploymentPostprocessing = 0;
		};
		B400DB042B76187400530566 /* Sources */ = {
			isa = PBXSourcesBuildPhase;
			buildActionMask = 2147483647;
			files = (
				B400DB0D2B76187400530566 /* PokemonTests.swift in Sources */,
			);
			runOnlyForDeploymentPostprocessing = 0;
		};
		B400DB0E2B76187400530566 /* Sources */ = {
			isa = PBXSourcesBuildPhase;
			buildActionMask = 2147483647;
			files = (
				B400DB192B76187400530566 /* PokemonUITestsLaunchTests.swift in Sources */,
				B400DB172B76187400530566 /* PokemonUITests.swift in Sources */,
			);
			runOnlyForDeploymentPostprocessing = 0;
		};
/* End PBXSourcesBuildPhase section */

/* Begin PBXTargetDependency section */
		B400DB0A2B76187400530566 /* PBXTargetDependency */ = {
			isa = PBXTargetDependency;
			target = B400DAF12B76187200530566 /* Pokemon */;
			targetProxy = B400DB092B76187400530566 /* PBXContainerItemProxy */;
		};
		B400DB142B76187400530566 /* PBXTargetDependency */ = {
			isa = PBXTargetDependency;
			target = B400DAF12B76187200530566 /* Pokemon */;
			targetProxy = B400DB132B76187400530566 /* PBXContainerItemProxy */;
		};
/* End PBXTargetDependency section */

/* Begin PBXVariantGroup section */
		B400DB002B76187300530566 /* LaunchScreen.storyboard */ = {
			isa = PBXVariantGroup;
			children = (
				B400DB012B76187300530566 /* Base */,
			);
			name = LaunchScreen.storyboard;
			sourceTree = "<group>";
		};
/* End PBXVariantGroup section */

/* Begin XCBuildConfiguration section */
		B400DB1A2B76187400530566 /* Debug */ = {
			isa = XCBuildConfiguration;
			buildSettings = {
				ALWAYS_SEARCH_USER_PATHS = NO;
				ASSETCATALOG_COMPILER_GENERATE_SWIFT_ASSET_SYMBOL_EXTENSIONS = YES;
				CLANG_ANALYZER_NONNULL = YES;
				CLANG_ANALYZER_NUMBER_OBJECT_CONVERSION = YES_AGGRESSIVE;
				CLANG_CXX_LANGUAGE_STANDARD = "gnu++20";
				CLANG_ENABLE_MODULES = YES;
				CLANG_ENABLE_OBJC_ARC = YES;
				CLANG_ENABLE_OBJC_WEAK = YES;
				CLANG_WARN_BLOCK_CAPTURE_AUTORELEASING = YES;
				CLANG_WARN_BOOL_CONVERSION = YES;
				CLANG_WARN_COMMA = YES;
				CLANG_WARN_CONSTANT_CONVERSION = YES;
				CLANG_WARN_DEPRECATED_OBJC_IMPLEMENTATIONS = YES;
				CLANG_WARN_DIRECT_OBJC_ISA_USAGE = YES_ERROR;
				CLANG_WARN_DOCUMENTATION_COMMENTS = YES;
				CLANG_WARN_EMPTY_BODY = YES;
				CLANG_WARN_ENUM_CONVERSION = YES;
				CLANG_WARN_INFINITE_RECURSION = YES;
				CLANG_WARN_INT_CONVERSION = YES;
				CLANG_WARN_NON_LITERAL_NULL_CONVERSION = YES;
				CLANG_WARN_OBJC_IMPLICIT_RETAIN_SELF = YES;
				CLANG_WARN_OBJC_LITERAL_CONVERSION = YES;
				CLANG_WARN_OBJC_ROOT_CLASS = YES_ERROR;
				CLANG_WARN_QUOTED_INCLUDE_IN_FRAMEWORK_HEADER = YES;
				CLANG_WARN_RANGE_LOOP_ANALYSIS = YES;
				CLANG_WARN_STRICT_PROTOTYPES = YES;
				CLANG_WARN_SUSPICIOUS_MOVE = YES;
				CLANG_WARN_UNGUARDED_AVAILABILITY = YES_AGGRESSIVE;
				CLANG_WARN_UNREACHABLE_CODE = YES;
				CLANG_WARN__DUPLICATE_METHOD_MATCH = YES;
				COPY_PHASE_STRIP = NO;
				DEBUG_INFORMATION_FORMAT = dwarf;
				ENABLE_STRICT_OBJC_MSGSEND = YES;
				ENABLE_TESTABILITY = YES;
				ENABLE_USER_SCRIPT_SANDBOXING = YES;
				GCC_C_LANGUAGE_STANDARD = gnu17;
				GCC_DYNAMIC_NO_PIC = NO;
				GCC_NO_COMMON_BLOCKS = YES;
				GCC_OPTIMIZATION_LEVEL = 0;
				GCC_PREPROCESSOR_DEFINITIONS = (
					"DEBUG=1",
					"$(inherited)",
				);
				GCC_WARN_64_TO_32_BIT_CONVERSION = YES;
				GCC_WARN_ABOUT_RETURN_TYPE = YES_ERROR;
				GCC_WARN_UNDECLARED_SELECTOR = YES;
				GCC_WARN_UNINITIALIZED_AUTOS = YES_AGGRESSIVE;
				GCC_WARN_UNUSED_FUNCTION = YES;
				GCC_WARN_UNUSED_VARIABLE = YES;
				IPHONEOS_DEPLOYMENT_TARGET = 17.0;
				LOCALIZATION_PREFERS_STRING_CATALOGS = YES;
				MTL_ENABLE_DEBUG_INFO = INCLUDE_SOURCE;
				MTL_FAST_MATH = YES;
				ONLY_ACTIVE_ARCH = YES;
				SDKROOT = iphoneos;
				SWIFT_ACTIVE_COMPILATION_CONDITIONS = "DEBUG $(inherited)";
				SWIFT_OPTIMIZATION_LEVEL = "-Onone";
			};
			name = Debug;
		};
		B400DB1B2B76187400530566 /* Release */ = {
			isa = XCBuildConfiguration;
			buildSettings = {
				ALWAYS_SEARCH_USER_PATHS = NO;
				ASSETCATALOG_COMPILER_GENERATE_SWIFT_ASSET_SYMBOL_EXTENSIONS = YES;
				CLANG_ANALYZER_NONNULL = YES;
				CLANG_ANALYZER_NUMBER_OBJECT_CONVERSION = YES_AGGRESSIVE;
				CLANG_CXX_LANGUAGE_STANDARD = "gnu++20";
				CLANG_ENABLE_MODULES = YES;
				CLANG_ENABLE_OBJC_ARC = YES;
				CLANG_ENABLE_OBJC_WEAK = YES;
				CLANG_WARN_BLOCK_CAPTURE_AUTORELEASING = YES;
				CLANG_WARN_BOOL_CONVERSION = YES;
				CLANG_WARN_COMMA = YES;
				CLANG_WARN_CONSTANT_CONVERSION = YES;
				CLANG_WARN_DEPRECATED_OBJC_IMPLEMENTATIONS = YES;
				CLANG_WARN_DIRECT_OBJC_ISA_USAGE = YES_ERROR;
				CLANG_WARN_DOCUMENTATION_COMMENTS = YES;
				CLANG_WARN_EMPTY_BODY = YES;
				CLANG_WARN_ENUM_CONVERSION = YES;
				CLANG_WARN_INFINITE_RECURSION = YES;
				CLANG_WARN_INT_CONVERSION = YES;
				CLANG_WARN_NON_LITERAL_NULL_CONVERSION = YES;
				CLANG_WARN_OBJC_IMPLICIT_RETAIN_SELF = YES;
				CLANG_WARN_OBJC_LITERAL_CONVERSION = YES;
				CLANG_WARN_OBJC_ROOT_CLASS = YES_ERROR;
				CLANG_WARN_QUOTED_INCLUDE_IN_FRAMEWORK_HEADER = YES;
				CLANG_WARN_RANGE_LOOP_ANALYSIS = YES;
				CLANG_WARN_STRICT_PROTOTYPES = YES;
				CLANG_WARN_SUSPICIOUS_MOVE = YES;
				CLANG_WARN_UNGUARDED_AVAILABILITY = YES_AGGRESSIVE;
				CLANG_WARN_UNREACHABLE_CODE = YES;
				CLANG_WARN__DUPLICATE_METHOD_MATCH = YES;
				COPY_PHASE_STRIP = NO;
				DEBUG_INFORMATION_FORMAT = "dwarf-with-dsym";
				ENABLE_NS_ASSERTIONS = NO;
				ENABLE_STRICT_OBJC_MSGSEND = YES;
				ENABLE_USER_SCRIPT_SANDBOXING = YES;
				GCC_C_LANGUAGE_STANDARD = gnu17;
				GCC_NO_COMMON_BLOCKS = YES;
				GCC_WARN_64_TO_32_BIT_CONVERSION = YES;
				GCC_WARN_ABOUT_RETURN_TYPE = YES_ERROR;
				GCC_WARN_UNDECLARED_SELECTOR = YES;
				GCC_WARN_UNINITIALIZED_AUTOS = YES_AGGRESSIVE;
				GCC_WARN_UNUSED_FUNCTION = YES;
				GCC_WARN_UNUSED_VARIABLE = YES;
				IPHONEOS_DEPLOYMENT_TARGET = 17.0;
				LOCALIZATION_PREFERS_STRING_CATALOGS = YES;
				MTL_ENABLE_DEBUG_INFO = NO;
				MTL_FAST_MATH = YES;
				SDKROOT = iphoneos;
				SWIFT_COMPILATION_MODE = wholemodule;
				VALIDATE_PRODUCT = YES;
			};
			name = Release;
		};
		B400DB1D2B76187400530566 /* Debug */ = {
			isa = XCBuildConfiguration;
			buildSettings = {
				ASSETCATALOG_COMPILER_APPICON_NAME = AppIcon;
				ASSETCATALOG_COMPILER_GLOBAL_ACCENT_COLOR_NAME = AccentColor;
				CODE_SIGN_STYLE = Automatic;
				CURRENT_PROJECT_VERSION = 1;
				DEVELOPMENT_TEAM = 7MS89TXQ5T;
				GENERATE_INFOPLIST_FILE = YES;
				INFOPLIST_FILE = Pokemon/Resource/Info.plist;
				INFOPLIST_KEY_UIApplicationSupportsIndirectInputEvents = YES;
				INFOPLIST_KEY_UILaunchStoryboardName = LaunchScreen;
				INFOPLIST_KEY_UIMainStoryboardFile = "";
				INFOPLIST_KEY_UISupportedInterfaceOrientations_iPad = "UIInterfaceOrientationPortrait UIInterfaceOrientationPortraitUpsideDown UIInterfaceOrientationLandscapeLeft UIInterfaceOrientationLandscapeRight";
				INFOPLIST_KEY_UISupportedInterfaceOrientations_iPhone = "UIInterfaceOrientationPortrait UIInterfaceOrientationLandscapeLeft UIInterfaceOrientationLandscapeRight";
				LD_RUNPATH_SEARCH_PATHS = (
					"$(inherited)",
					"@executable_path/Frameworks",
				);
				MARKETING_VERSION = 1.0.0;
				PRODUCT_BUNDLE_IDENTIFIER = camosss.Pokemon;
				PRODUCT_NAME = "$(TARGET_NAME)";
				SWIFT_EMIT_LOC_STRINGS = YES;
				SWIFT_VERSION = 5.0;
				TARGETED_DEVICE_FAMILY = "1,2";
			};
			name = Debug;
		};
		B400DB1E2B76187400530566 /* Release */ = {
			isa = XCBuildConfiguration;
			buildSettings = {
				ASSETCATALOG_COMPILER_APPICON_NAME = AppIcon;
				ASSETCATALOG_COMPILER_GLOBAL_ACCENT_COLOR_NAME = AccentColor;
				CODE_SIGN_STYLE = Automatic;
				CURRENT_PROJECT_VERSION = 1;
				DEVELOPMENT_TEAM = 7MS89TXQ5T;
				GENERATE_INFOPLIST_FILE = YES;
				INFOPLIST_FILE = Pokemon/Resource/Info.plist;
				INFOPLIST_KEY_UIApplicationSupportsIndirectInputEvents = YES;
				INFOPLIST_KEY_UILaunchStoryboardName = LaunchScreen;
				INFOPLIST_KEY_UIMainStoryboardFile = "";
				INFOPLIST_KEY_UISupportedInterfaceOrientations_iPad = "UIInterfaceOrientationPortrait UIInterfaceOrientationPortraitUpsideDown UIInterfaceOrientationLandscapeLeft UIInterfaceOrientationLandscapeRight";
				INFOPLIST_KEY_UISupportedInterfaceOrientations_iPhone = "UIInterfaceOrientationPortrait UIInterfaceOrientationLandscapeLeft UIInterfaceOrientationLandscapeRight";
				LD_RUNPATH_SEARCH_PATHS = (
					"$(inherited)",
					"@executable_path/Frameworks",
				);
				MARKETING_VERSION = 1.0.0;
				PRODUCT_BUNDLE_IDENTIFIER = camosss.Pokemon;
				PRODUCT_NAME = "$(TARGET_NAME)";
				SWIFT_EMIT_LOC_STRINGS = YES;
				SWIFT_VERSION = 5.0;
				TARGETED_DEVICE_FAMILY = "1,2";
			};
			name = Release;
		};
		B400DB202B76187400530566 /* Debug */ = {
			isa = XCBuildConfiguration;
			buildSettings = {
				ALWAYS_EMBED_SWIFT_STANDARD_LIBRARIES = YES;
				BUNDLE_LOADER = "$(TEST_HOST)";
				CODE_SIGN_STYLE = Automatic;
				CURRENT_PROJECT_VERSION = 1;
				DEVELOPMENT_TEAM = 7MS89TXQ5T;
				GENERATE_INFOPLIST_FILE = YES;
				IPHONEOS_DEPLOYMENT_TARGET = 17.0;
				MARKETING_VERSION = 1.0;
				PRODUCT_BUNDLE_IDENTIFIER = camosss.PokemonTests;
				PRODUCT_NAME = "$(TARGET_NAME)";
				SWIFT_EMIT_LOC_STRINGS = NO;
				SWIFT_VERSION = 5.0;
				TARGETED_DEVICE_FAMILY = "1,2";
				TEST_HOST = "$(BUILT_PRODUCTS_DIR)/Pokemon.app/$(BUNDLE_EXECUTABLE_FOLDER_PATH)/Pokemon";
			};
			name = Debug;
		};
		B400DB212B76187400530566 /* Release */ = {
			isa = XCBuildConfiguration;
			buildSettings = {
				ALWAYS_EMBED_SWIFT_STANDARD_LIBRARIES = YES;
				BUNDLE_LOADER = "$(TEST_HOST)";
				CODE_SIGN_STYLE = Automatic;
				CURRENT_PROJECT_VERSION = 1;
				DEVELOPMENT_TEAM = 7MS89TXQ5T;
				GENERATE_INFOPLIST_FILE = YES;
				IPHONEOS_DEPLOYMENT_TARGET = 17.0;
				MARKETING_VERSION = 1.0;
				PRODUCT_BUNDLE_IDENTIFIER = camosss.PokemonTests;
				PRODUCT_NAME = "$(TARGET_NAME)";
				SWIFT_EMIT_LOC_STRINGS = NO;
				SWIFT_VERSION = 5.0;
				TARGETED_DEVICE_FAMILY = "1,2";
				TEST_HOST = "$(BUILT_PRODUCTS_DIR)/Pokemon.app/$(BUNDLE_EXECUTABLE_FOLDER_PATH)/Pokemon";
			};
			name = Release;
		};
		B400DB232B76187400530566 /* Debug */ = {
			isa = XCBuildConfiguration;
			buildSettings = {
				ALWAYS_EMBED_SWIFT_STANDARD_LIBRARIES = YES;
				CODE_SIGN_STYLE = Automatic;
				CURRENT_PROJECT_VERSION = 1;
				DEVELOPMENT_TEAM = 7MS89TXQ5T;
				GENERATE_INFOPLIST_FILE = YES;
				MARKETING_VERSION = 1.0;
				PRODUCT_BUNDLE_IDENTIFIER = camosss.PokemonUITests;
				PRODUCT_NAME = "$(TARGET_NAME)";
				SWIFT_EMIT_LOC_STRINGS = NO;
				SWIFT_VERSION = 5.0;
				TARGETED_DEVICE_FAMILY = "1,2";
				TEST_TARGET_NAME = Pokemon;
			};
			name = Debug;
		};
		B400DB242B76187400530566 /* Release */ = {
			isa = XCBuildConfiguration;
			buildSettings = {
				ALWAYS_EMBED_SWIFT_STANDARD_LIBRARIES = YES;
				CODE_SIGN_STYLE = Automatic;
				CURRENT_PROJECT_VERSION = 1;
				DEVELOPMENT_TEAM = 7MS89TXQ5T;
				GENERATE_INFOPLIST_FILE = YES;
				MARKETING_VERSION = 1.0;
				PRODUCT_BUNDLE_IDENTIFIER = camosss.PokemonUITests;
				PRODUCT_NAME = "$(TARGET_NAME)";
				SWIFT_EMIT_LOC_STRINGS = NO;
				SWIFT_VERSION = 5.0;
				TARGETED_DEVICE_FAMILY = "1,2";
				TEST_TARGET_NAME = Pokemon;
			};
			name = Release;
		};
/* End XCBuildConfiguration section */

/* Begin XCConfigurationList section */
		B400DAED2B76187200530566 /* Build configuration list for PBXProject "Pokemon" */ = {
			isa = XCConfigurationList;
			buildConfigurations = (
				B400DB1A2B76187400530566 /* Debug */,
				B400DB1B2B76187400530566 /* Release */,
			);
			defaultConfigurationIsVisible = 0;
			defaultConfigurationName = Release;
		};
		B400DB1C2B76187400530566 /* Build configuration list for PBXNativeTarget "Pokemon" */ = {
			isa = XCConfigurationList;
			buildConfigurations = (
				B400DB1D2B76187400530566 /* Debug */,
				B400DB1E2B76187400530566 /* Release */,
			);
			defaultConfigurationIsVisible = 0;
			defaultConfigurationName = Release;
		};
		B400DB1F2B76187400530566 /* Build configuration list for PBXNativeTarget "PokemonTests" */ = {
			isa = XCConfigurationList;
			buildConfigurations = (
				B400DB202B76187400530566 /* Debug */,
				B400DB212B76187400530566 /* Release */,
			);
			defaultConfigurationIsVisible = 0;
			defaultConfigurationName = Release;
		};
		B400DB222B76187400530566 /* Build configuration list for PBXNativeTarget "PokemonUITests" */ = {
			isa = XCConfigurationList;
			buildConfigurations = (
				B400DB232B76187400530566 /* Debug */,
				B400DB242B76187400530566 /* Release */,
			);
			defaultConfigurationIsVisible = 0;
			defaultConfigurationName = Release;
		};
/* End XCConfigurationList section */

/* Begin XCRemoteSwiftPackageReference section */
		B400DB252B761A3E00530566 /* XCRemoteSwiftPackageReference "RxSwift" */ = {
			isa = XCRemoteSwiftPackageReference;
			repositoryURL = "https://github.com/ReactiveX/RxSwift";
			requirement = {
				kind = upToNextMajorVersion;
				minimumVersion = 6.6.0;
			};
		};
		B400DB262B761A7500530566 /* XCRemoteSwiftPackageReference "RxDataSources" */ = {
			isa = XCRemoteSwiftPackageReference;
			repositoryURL = "https://github.com/RxSwiftCommunity/RxDataSources";
			requirement = {
				kind = upToNextMajorVersion;
				minimumVersion = 5.0.2;
			};
		};
		B400DB272B761A9D00530566 /* XCRemoteSwiftPackageReference "Moya" */ = {
			isa = XCRemoteSwiftPackageReference;
			repositoryURL = "https://github.com/Moya/Moya";
			requirement = {
				kind = upToNextMajorVersion;
				minimumVersion = 15.0.3;
			};
		};
		B400DB282B761AAD00530566 /* XCRemoteSwiftPackageReference "SnapKit" */ = {
			isa = XCRemoteSwiftPackageReference;
			repositoryURL = "https://github.com/SnapKit/SnapKit";
			requirement = {
				kind = upToNextMajorVersion;
				minimumVersion = 5.7.0;
			};
		};
		B400DB292B761ABE00530566 /* XCRemoteSwiftPackageReference "ReactorKit" */ = {
			isa = XCRemoteSwiftPackageReference;
			repositoryURL = "https://github.com/ReactorKit/ReactorKit";
			requirement = {
				kind = upToNextMajorVersion;
				minimumVersion = 3.2.0;
			};
		};
		B400DB372B761BC000530566 /* XCRemoteSwiftPackageReference "Then" */ = {
			isa = XCRemoteSwiftPackageReference;
			repositoryURL = "https://github.com/devxoul/Then.git";
			requirement = {
				kind = upToNextMajorVersion;
				minimumVersion = 3.0.0;
			};
		};
/* End XCRemoteSwiftPackageReference section */

/* Begin XCSwiftPackageProductDependency section */
		B400DB2A2B761ABE00530566 /* ReactorKit */ = {
			isa = XCSwiftPackageProductDependency;
			package = B400DB292B761ABE00530566 /* XCRemoteSwiftPackageReference "ReactorKit" */;
			productName = ReactorKit;
		};
		B400DB2D2B761B7400530566 /* RxCocoa */ = {
			isa = XCSwiftPackageProductDependency;
			package = B400DB252B761A3E00530566 /* XCRemoteSwiftPackageReference "RxSwift" */;
			productName = RxCocoa;
		};
		B400DB2F2B761B8400530566 /* RxSwift */ = {
			isa = XCSwiftPackageProductDependency;
			package = B400DB252B761A3E00530566 /* XCRemoteSwiftPackageReference "RxSwift" */;
			productName = RxSwift;
		};
		B400DB312B761B8900530566 /* RxDataSources */ = {
			isa = XCSwiftPackageProductDependency;
			package = B400DB262B761A7500530566 /* XCRemoteSwiftPackageReference "RxDataSources" */;
			productName = RxDataSources;
		};
		B400DB332B761B8D00530566 /* Moya */ = {
			isa = XCSwiftPackageProductDependency;
			package = B400DB272B761A9D00530566 /* XCRemoteSwiftPackageReference "Moya" */;
			productName = Moya;
		};
		B400DB352B761B9200530566 /* SnapKit */ = {
			isa = XCSwiftPackageProductDependency;
			package = B400DB282B761AAD00530566 /* XCRemoteSwiftPackageReference "SnapKit" */;
			productName = SnapKit;
		};
		B400DB382B761BC000530566 /* Then */ = {
			isa = XCSwiftPackageProductDependency;
			package = B400DB372B761BC000530566 /* XCRemoteSwiftPackageReference "Then" */;
			productName = Then;
		};
/* End XCSwiftPackageProductDependency section */
	};
	rootObject = B400DAEA2B76187200530566 /* Project object */;
}
